
Microsoft Visual Studio Solution File, Format Version 12.00
# Visual Studio Version 17
VisualStudioVersion = 17.13.35806.99 d17.13
MinimumVisualStudioVersion = 10.0.40219.1
Project("{FAE04EC0-301F-11D3-BF4B-00C04F79EFBC}") = "tpmodul6_2311104058", "tpmodul6_2311104058\tpmodul6_2311104058.csproj", "{814B829D-6CAD-4BC9-8DFC-9543B887A21D}"
EndProject
Global
	GlobalSection(SolutionConfigurationPlatforms) = preSolution
		Debug|Any CPU = Debug|Any CPU
		Release|Any CPU = Release|Any CPU
	EndGlobalSection
	GlobalSection(ProjectConfigurationPlatforms) = postSolution
		{814B829D-6CAD-4BC9-8DFC-9543B887A21D}.Debug|Any CPU.ActiveCfg = Debug|Any CPU
		{814B829D-6CAD-4BC9-8DFC-9543B887A21D}.Debug|Any CPU.Build.0 = Debug|Any CPU
		{814B829D-6CAD-4BC9-8DFC-9543B887A21D}.Release|Any CPU.ActiveCfg = Release|Any CPU
		{814B829D-6CAD-4BC9-8DFC-9543B887A21D}.Release|Any CPU.Build.0 = Release|Any CPU
	EndGlobalSection
	GlobalSection(SolutionProperties) = preSolution
		HideSolutionNode = FALSE
	EndGlobalSection
	GlobalSection(ExtensibilityGlobals) = postSolution
		SolutionGuid = {30B833D6-56C2-4812-B2DD-453411DB18B7}
	EndGlobalSection
EndGlobal
